
Microsoft Visual Studio Solution File, Format Version 12.00
# Visual Studio Version 17
VisualStudioVersion = 17.14.36930.0 d17.14
MinimumVisualStudioVersion = 10.0.40219.1
Project("{8BC9CEB8-8B4A-11D0-8D11-00A0C91BC942}") = "Project1", "Project1\Project1.vcxproj", "{10BABEA3-1A67-47C8-81AA-82086D74EBC0}"
EndProject
Global
	GlobalSection(SolutionConfigurationPlatforms) = preSolution
		Debug|x64 = Debug|x64
		Debug|x86 = Debug|x86
		Release|x64 = Release|x64
		Release|x86 = Release|x86
	EndGlobalSection
	GlobalSection(ProjectConfigurationPlatforms) = postSolution
		{10BABEA3-1A67-47C8-81AA-82086D74EBC0}.Debug|x64.ActiveCfg = Debug|x64
		{10BABEA3-1A67-47C8-81AA-82086D74EBC0}.Debug|x64.Build.0 = Debug|x64
		{10BABEA3-1A67-47C8-81AA-82086D74EBC0}.Debug|x86.ActiveCfg = Debug|Win32
		{10BABEA3-1A67-47C8-81AA-82086D74EBC0}.Debug|x86.Build.0 = Debug|Win32
		{10BABEA3-1A67-47C8-81AA-82086D74EBC0}.Release|x64.ActiveCfg = Release|x64
		{10BABEA3-1A67-47C8-81AA-82086D74EBC0}.Release|x64.Build.0 = Release|x64
		{10BABEA3-1A67-47C8-81AA-82086D74EBC0}.Release|x86.ActiveCfg = Release|Win32
		{10BABEA3-1A67-47C8-81AA-82086D74EBC0}.Release|x86.Build.0 = Release|Win32
	EndGlobalSection
	GlobalSection(SolutionProperties) = preSolution
		HideSolutionNode = FALSE
	EndGlobalSection
	GlobalSection(ExtensibilityGlobals) = postSolution
		SolutionGuid = {6C1D0C1D-B56C-44CF-BD05-6865F1307FB0}
	EndGlobalSection
EndGlobal
